
Microsoft Visual Studio Solution File, Format Version 12.00
# Visual Studio Version 17
VisualStudioVersion = 17.14.36705.20 d17.14
MinimumVisualStudioVersion = 10.0.40219.1
Project("{FAE04EC0-301F-11D3-BF4B-00C04F79EFBC}") = "Fantasy.Backend", "..\Fantasy\Fantasy\Fantasy.Backend\Fantasy.Backend.csproj", "{FE9355A9-FB4A-4BD8-861A-719DC37E92F0}"
EndProject
Project("{FAE04EC0-301F-11D3-BF4B-00C04F79EFBC}") = "Fantasy.Frontend", "..\Fantasy\Fantasy\Fantasy.Frontend\Fantasy.Frontend.csproj", "{063EEE60-BA4F-4585-A2C6-1A542AA27C3B}"
EndProject
Project("{FAE04EC0-301F-11D3-BF4B-00C04F79EFBC}") = "Fantasy.Shared", "..\Fantasy\Fantasy\Fantasy.Shared\Fantasy.Shared.csproj", "{AA1BAADD-8B2B-458E-93C8-5ED43D4B76EA}"
EndProject
Project("{FAE04EC0-301F-11D3-BF4B-00C04F79EFBC}") = "Fantasy.Tests", "..\Fantasy\Fantasy\Fantasy.Tests\Fantasy.Tests.csproj", "{776C6B4C-6886-49B2-9122-B6D301D64F14}"
EndProject
Global
	GlobalSection(SolutionConfigurationPlatforms) = preSolution
		Debug|Any CPU = Debug|Any CPU
		Release|Any CPU = Release|Any CPU
	EndGlobalSection
	GlobalSection(ProjectConfigurationPlatforms) = postSolution
		{FE9355A9-FB4A-4BD8-861A-719DC37E92F0}.Debug|Any CPU.ActiveCfg = Debug|Any CPU
		{FE9355A9-FB4A-4BD8-861A-719DC37E92F0}.Debug|Any CPU.Build.0 = Debug|Any CPU
		{FE9355A9-FB4A-4BD8-861A-719DC37E92F0}.Release|Any CPU.ActiveCfg = Release|Any CPU
		{FE9355A9-FB4A-4BD8-861A-719DC37E92F0}.Release|Any CPU.Build.0 = Release|Any CPU
		{063EEE60-BA4F-4585-A2C6-1A542AA27C3B}.Debug|Any CPU.ActiveCfg = Debug|Any CPU
		{063EEE60-BA4F-4585-A2C6-1A542AA27C3B}.Debug|Any CPU.Build.0 = Debug|Any CPU
		{063EEE60-BA4F-4585-A2C6-1A542AA27C3B}.Release|Any CPU.ActiveCfg = Release|Any CPU
		{063EEE60-BA4F-4585-A2C6-1A542AA27C3B}.Release|Any CPU.Build.0 = Release|Any CPU
		{AA1BAADD-8B2B-458E-93C8-5ED43D4B76EA}.Debug|Any CPU.ActiveCfg = Debug|Any CPU
		{AA1BAADD-8B2B-458E-93C8-5ED43D4B76EA}.Debug|Any CPU.Build.0 = Debug|Any CPU
		{AA1BAADD-8B2B-458E-93C8-5ED43D4B76EA}.Release|Any CPU.ActiveCfg = Release|Any CPU
		{AA1BAADD-8B2B-458E-93C8-5ED43D4B76EA}.Release|Any CPU.Build.0 = Release|Any CPU
		{776C6B4C-6886-49B2-9122-B6D301D64F14}.Debug|Any CPU.ActiveCfg = Debug|Any CPU
		{776C6B4C-6886-49B2-9122-B6D301D64F14}.Debug|Any CPU.Build.0 = Debug|Any CPU
		{776C6B4C-6886-49B2-9122-B6D301D64F14}.Release|Any CPU.ActiveCfg = Release|Any CPU
		{776C6B4C-6886-49B2-9122-B6D301D64F14}.Release|Any CPU.Build.0 = Release|Any CPU
	EndGlobalSection
	GlobalSection(SolutionProperties) = preSolution
		HideSolutionNode = FALSE
	EndGlobalSection
	GlobalSection(ExtensibilityGlobals) = postSolution
		SolutionGuid = {2DB59BAA-46F9-4999-98B7-67E5BA6C64CB}
	EndGlobalSection
EndGlobal
