
Microsoft Visual Studio Solution File, Format Version 12.00
# Visual Studio Version 17
VisualStudioVersion = 17.14.36705.20
MinimumVisualStudioVersion = 10.0.40219.1
Project("{FAE04EC0-301F-11D3-BF4B-00C04F79EFBC}") = "Fantasy.Backend", "Fantasy.Backend\Fantasy.Backend.csproj", "{15A9AB92-CB35-4AA2-81A7-5BDF748FDA01}"
EndProject
Project("{FAE04EC0-301F-11D3-BF4B-00C04F79EFBC}") = "Fantasy.Frontend", "Fantasy.Frontend\Fantasy.Frontend.csproj", "{D47BA761-E26C-4564-B52A-289D5D8316BC}"
EndProject
Project("{FAE04EC0-301F-11D3-BF4B-00C04F79EFBC}") = "Fantasy.Shared", "Fantasy.Shared\Fantasy.Shared.csproj", "{37B3125A-3308-4C6B-8A8D-56C8B0F68246}"
EndProject
Project("{FAE04EC0-301F-11D3-BF4B-00C04F79EFBC}") = "Fantasy.Tests", "Fantasy.Tests\Fantasy.Tests.csproj", "{769B5211-5EA1-4085-BCE3-CD30F1E277A4}"
EndProject
Global
	GlobalSection(SolutionConfigurationPlatforms) = preSolution
		Debug|Any CPU = Debug|Any CPU
		Release|Any CPU = Release|Any CPU
	EndGlobalSection
	GlobalSection(ProjectConfigurationPlatforms) = postSolution
		{15A9AB92-CB35-4AA2-81A7-5BDF748FDA01}.Debug|Any CPU.ActiveCfg = Debug|Any CPU
		{15A9AB92-CB35-4AA2-81A7-5BDF748FDA01}.Debug|Any CPU.Build.0 = Debug|Any CPU
		{15A9AB92-CB35-4AA2-81A7-5BDF748FDA01}.Release|Any CPU.ActiveCfg = Release|Any CPU
		{15A9AB92-CB35-4AA2-81A7-5BDF748FDA01}.Release|Any CPU.Build.0 = Release|Any CPU
		{D47BA761-E26C-4564-B52A-289D5D8316BC}.Debug|Any CPU.ActiveCfg = Debug|Any CPU
		{D47BA761-E26C-4564-B52A-289D5D8316BC}.Debug|Any CPU.Build.0 = Debug|Any CPU
		{D47BA761-E26C-4564-B52A-289D5D8316BC}.Release|Any CPU.ActiveCfg = Release|Any CPU
		{D47BA761-E26C-4564-B52A-289D5D8316BC}.Release|Any CPU.Build.0 = Release|Any CPU
		{37B3125A-3308-4C6B-8A8D-56C8B0F68246}.Debug|Any CPU.ActiveCfg = Debug|Any CPU
		{37B3125A-3308-4C6B-8A8D-56C8B0F68246}.Debug|Any CPU.Build.0 = Debug|Any CPU
		{37B3125A-3308-4C6B-8A8D-56C8B0F68246}.Release|Any CPU.ActiveCfg = Release|Any CPU
		{37B3125A-3308-4C6B-8A8D-56C8B0F68246}.Release|Any CPU.Build.0 = Release|Any CPU
		{769B5211-5EA1-4085-BCE3-CD30F1E277A4}.Debug|Any CPU.ActiveCfg = Debug|Any CPU
		{769B5211-5EA1-4085-BCE3-CD30F1E277A4}.Debug|Any CPU.Build.0 = Debug|Any CPU
		{769B5211-5EA1-4085-BCE3-CD30F1E277A4}.Release|Any CPU.ActiveCfg = Release|Any CPU
		{769B5211-5EA1-4085-BCE3-CD30F1E277A4}.Release|Any CPU.Build.0 = Release|Any CPU
	EndGlobalSection
	GlobalSection(SolutionProperties) = preSolution
		HideSolutionNode = FALSE
	EndGlobalSection
	GlobalSection(ExtensibilityGlobals) = postSolution
		SolutionGuid = {2DB59BAA-46F9-4999-98B7-67E5BA6C64CB}
	EndGlobalSection
EndGlobal
